
Microsoft Visual Studio Solution File, Format Version 12.00
# Visual Studio Version 17
VisualStudioVersion = 17.3.32929.385
MinimumVisualStudioVersion = 10.0.40219.1
Project("{FAE04EC0-301F-11D3-BF4B-00C04F79EFBC}") = "Emulator 8086", "Emulator 8086.csproj", "{D5306F24-70C4-4C16-A749-F01E2B4E9F21}"
EndProject
Global
	GlobalSection(SolutionConfigurationPlatforms) = preSolution
		Debug|Any CPU = Debug|Any CPU
		Release|Any CPU = Release|Any CPU
	EndGlobalSection
	GlobalSection(ProjectConfigurationPlatforms) = postSolution
		{D5306F24-70C4-4C16-A749-F01E2B4E9F21}.Debug|Any CPU.ActiveCfg = Debug|Any CPU
		{D5306F24-70C4-4C16-A749-F01E2B4E9F21}.Debug|Any CPU.Build.0 = Debug|Any CPU
		{D5306F24-70C4-4C16-A749-F01E2B4E9F21}.Release|Any CPU.ActiveCfg = Release|Any CPU
		{D5306F24-70C4-4C16-A749-F01E2B4E9F21}.Release|Any CPU.Build.0 = Release|Any CPU
	EndGlobalSection
	GlobalSection(SolutionProperties) = preSolution
		HideSolutionNode = FALSE
	EndGlobalSection
	GlobalSection(ExtensibilityGlobals) = postSolution
		SolutionGuid = {053187A3-C883-46A1-9465-2C99E1F433DC}
	EndGlobalSection
EndGlobal
